
Microsoft Visual Studio Solution File, Format Version 12.00
# Visual Studio Version 16
VisualStudioVersion = 16.0.31829.152
MinimumVisualStudioVersion = 10.0.40219.1
Project("{FAE04EC0-301F-11D3-BF4B-00C04F79EFBC}") = "ManterCurso15_11", "ManterCurso15_11\ManterCurso15_11.csproj", "{5627DDA4-675C-431A-AA7F-6366CCD7394E}"
EndProject
Global
	GlobalSection(SolutionConfigurationPlatforms) = preSolution
		Debug|Any CPU = Debug|Any CPU
		Release|Any CPU = Release|Any CPU
	EndGlobalSection
	GlobalSection(ProjectConfigurationPlatforms) = postSolution
		{5627DDA4-675C-431A-AA7F-6366CCD7394E}.Debug|Any CPU.ActiveCfg = Debug|Any CPU
		{5627DDA4-675C-431A-AA7F-6366CCD7394E}.Debug|Any CPU.Build.0 = Debug|Any CPU
		{5627DDA4-675C-431A-AA7F-6366CCD7394E}.Release|Any CPU.ActiveCfg = Release|Any CPU
		{5627DDA4-675C-431A-AA7F-6366CCD7394E}.Release|Any CPU.Build.0 = Release|Any CPU
	EndGlobalSection
	GlobalSection(SolutionProperties) = preSolution
		HideSolutionNode = FALSE
	EndGlobalSection
	GlobalSection(ExtensibilityGlobals) = postSolution
		SolutionGuid = {AB0EAAE5-CA00-4A60-AE25-75078F0B6ADA}
	EndGlobalSection
EndGlobal
